// !$*UTF8*$!
{
	archiveVersion = 1;
	classes = {
	};
	objectVersion = 46;
	objects = {

/* Begin PBXBuildFile section */
		6F1A7FC61BB643DF00A60911 /* UIViewController+WSOrientations.m in Sources */ = {isa = PBXBuildFile; fileRef = 6F1A7FC51BB643DF00A60911 /* UIViewController+WSOrientations.m */; };
		6F1A7FC91BB6475E00A60911 /* UIViewController+WSActivity.m in Sources */ = {isa = PBXBuildFile; fileRef = 6F1A7FC81BB6475E00A60911 /* UIViewController+WSActivity.m */; };
		6F1A7FCD1BB64B9B00A60911 /* UIDevice+Extensions.m in Sources */ = {isa = PBXBuildFile; fileRef = 6F1A7FCC1BB64B9B00A60911 /* UIDevice+Extensions.m */; };
		6F1A7FD01BB64ED800A60911 /* UIViewController+WSToast.m in Sources */ = {isa = PBXBuildFile; fileRef = 6F1A7FCF1BB64ED800A60911 /* UIViewController+WSToast.m */; };
		6F1A7FD41BB6FCE900A60911 /* WSAppGeneralConfiguration.m in Sources */ = {isa = PBXBuildFile; fileRef = 6F1A7FD31BB6FCE900A60911 /* WSAppGeneralConfiguration.m */; };
		6F1A7FDC1BB7007C00A60911 /* WSNetworkingUtilities.m in Sources */ = {isa = PBXBuildFile; fileRef = 6F1A7FDB1BB7007C00A60911 /* WSNetworkingUtilities.m */; };
		6F1A7FDF1BB7025800A60911 /* NSData+Crypt.m in Sources */ = {isa = PBXBuildFile; fileRef = 6F1A7FDE1BB7025800A60911 /* NSData+Crypt.m */; };
		6F6FE4BD1BB1E04600F39F60 /* MessageUI.framework in Frameworks */ = {isa = PBXBuildFile; fileRef = 6F6FE4BC1BB1E04600F39F60 /* MessageUI.framework */; };
		6F6FE4BF1BB1E0C600F39F60 /* libicucore.tbd in Frameworks */ = {isa = PBXBuildFile; fileRef = 6F6FE4BE1BB1E0C600F39F60 /* libicucore.tbd */; };
		6F6FE4C11BB1E0DC00F39F60 /* libz.tbd in Frameworks */ = {isa = PBXBuildFile; fileRef = 6F6FE4C01BB1E0DC00F39F60 /* libz.tbd */; };
		6F7C3F1A1C08E3B400A82DCD /* SMS_SDKLocalizable.strings in Resources */ = {isa = PBXBuildFile; fileRef = 6F7C3F151C08E3B400A82DCD /* SMS_SDKLocalizable.strings */; };
		6F7C3F1B1C08E3B400A82DCD /* MOBFoundation.framework in Frameworks */ = {isa = PBXBuildFile; fileRef = 6F7C3F171C08E3B400A82DCD /* MOBFoundation.framework */; };
		6F7C3F1C1C08E3B400A82DCD /* SMS_SDK.framework in Frameworks */ = {isa = PBXBuildFile; fileRef = 6F7C3F181C08E3B400A82DCD /* SMS_SDK.framework */; };
		6F7C3F1E1C08E68300A82DCD /* JavaScriptCore.framework in Frameworks */ = {isa = PBXBuildFile; fileRef = 6F7C3F1D1C08E68300A82DCD /* JavaScriptCore.framework */; };
		6F7C3F201C08E69200A82DCD /* libstdc++.tbd in Frameworks */ = {isa = PBXBuildFile; fileRef = 6F7C3F1F1C08E69200A82DCD /* libstdc++.tbd */; };
		6F9D1C121BB3201C001F3B23 /* Login.storyboard in Resources */ = {isa = PBXBuildFile; fileRef = 6F9D1C111BB3201C001F3B23 /* Login.storyboard */; };
		6F9D1C151BB322B3001F3B23 /* WSVerifyPhoneNumberViewController.m in Sources */ = {isa = PBXBuildFile; fileRef = 6F9D1C141BB322B3001F3B23 /* WSVerifyPhoneNumberViewController.m */; };
		6FA69A151BB1C74700E39B04 /* main.m in Sources */ = {isa = PBXBuildFile; fileRef = 6FA69A141BB1C74700E39B04 /* main.m */; };
		6FA69A181BB1C74700E39B04 /* AppDelegate.m in Sources */ = {isa = PBXBuildFile; fileRef = 6FA69A171BB1C74700E39B04 /* AppDelegate.m */; };
		6FA69A1E1BB1C74700E39B04 /* Main.storyboard in Resources */ = {isa = PBXBuildFile; fileRef = 6FA69A1C1BB1C74700E39B04 /* Main.storyboard */; };
		6FA69A201BB1C74700E39B04 /* Assets.xcassets in Resources */ = {isa = PBXBuildFile; fileRef = 6FA69A1F1BB1C74700E39B04 /* Assets.xcassets */; };
		6FA69A231BB1C74700E39B04 /* LaunchScreen.storyboard in Resources */ = {isa = PBXBuildFile; fileRef = 6FA69A211BB1C74700E39B04 /* LaunchScreen.storyboard */; };
		6FA69A2E1BB1C74700E39B04 /* WalkShopperTests.m in Sources */ = {isa = PBXBuildFile; fileRef = 6FA69A2D1BB1C74700E39B04 /* WalkShopperTests.m */; };
		6FA69A391BB1C74700E39B04 /* WalkShopperUITests.m in Sources */ = {isa = PBXBuildFile; fileRef = 6FA69A381BB1C74700E39B04 /* WalkShopperUITests.m */; };
		75C9523B43FE08B6C0347465 /* libPods.a in Frameworks */ = {isa = PBXBuildFile; fileRef = 24E34D9D33755289C8C99C67 /* libPods.a */; };
		CD872C371BB286CA00F74DD7 /* WSMainTabBarController.m in Sources */ = {isa = PBXBuildFile; fileRef = CD872C361BB286CA00F74DD7 /* WSMainTabBarController.m */; };
		CD872C401BB29B4100F74DD7 /* WSUserSession.m in Sources */ = {isa = PBXBuildFile; fileRef = CD872C3F1BB29B4100F74DD7 /* WSUserSession.m */; };
		CD872C431BB2A1E200F74DD7 /* WSLoginViewController.m in Sources */ = {isa = PBXBuildFile; fileRef = CD872C421BB2A1E200F74DD7 /* WSLoginViewController.m */; };
		CD872C461BB2A20E00F74DD7 /* WSHomeViewController.m in Sources */ = {isa = PBXBuildFile; fileRef = CD872C451BB2A20E00F74DD7 /* WSHomeViewController.m */; };
		CD872C491BB2A22700F74DD7 /* WSMineViewController.m in Sources */ = {isa = PBXBuildFile; fileRef = CD872C481BB2A22700F74DD7 /* WSMineViewController.m */; };
/* End PBXBuildFile section */

/* Begin PBXContainerItemProxy section */
		6FA69A2A1BB1C74700E39B04 /* PBXContainerItemProxy */ = {
			isa = PBXContainerItemProxy;
			containerPortal = 6FA69A081BB1C74700E39B04 /* Project object */;
			proxyType = 1;
			remoteGlobalIDString = 6FA69A0F1BB1C74700E39B04;
			remoteInfo = WalkShopper;
		};
		6FA69A351BB1C74700E39B04 /* PBXContainerItemProxy */ = {
			isa = PBXContainerItemProxy;
			containerPortal = 6FA69A081BB1C74700E39B04 /* Project object */;
			proxyType = 1;
			remoteGlobalIDString = 6FA69A0F1BB1C74700E39B04;
			remoteInfo = WalkShopper;
		};
/* End PBXContainerItemProxy section */

/* Begin PBXFileReference section */
		24E34D9D33755289C8C99C67 /* libPods.a */ = {isa = PBXFileReference; explicitFileType = archive.ar; includeInIndex = 0; path = libPods.a; sourceTree = BUILT_PRODUCTS_DIR; };
		6F1A7FC41BB643DF00A60911 /* UIViewController+WSOrientations.h */ = {isa = PBXFileReference; fileEncoding = 4; lastKnownFileType = sourcecode.c.h; path = "UIViewController+WSOrientations.h"; sourceTree = "<group>"; };
		6F1A7FC51BB643DF00A60911 /* UIViewController+WSOrientations.m */ = {isa = PBXFileReference; fileEncoding = 4; lastKnownFileType = sourcecode.c.objc; path = "UIViewController+WSOrientations.m"; sourceTree = "<group>"; };
		6F1A7FC71BB6475E00A60911 /* UIViewController+WSActivity.h */ = {isa = PBXFileReference; fileEncoding = 4; lastKnownFileType = sourcecode.c.h; path = "UIViewController+WSActivity.h"; sourceTree = "<group>"; };
		6F1A7FC81BB6475E00A60911 /* UIViewController+WSActivity.m */ = {isa = PBXFileReference; fileEncoding = 4; lastKnownFileType = sourcecode.c.objc; path = "UIViewController+WSActivity.m"; sourceTree = "<group>"; };
		6F1A7FCB1BB64B9B00A60911 /* UIDevice+Extensions.h */ = {isa = PBXFileReference; fileEncoding = 4; lastKnownFileType = sourcecode.c.h; path = "UIDevice+Extensions.h"; sourceTree = "<group>"; };
		6F1A7FCC1BB64B9B00A60911 /* UIDevice+Extensions.m */ = {isa = PBXFileReference; fileEncoding = 4; lastKnownFileType = sourcecode.c.objc; path = "UIDevice+Extensions.m"; sourceTree = "<group>"; };
		6F1A7FCE1BB64ED800A60911 /* UIViewController+WSToast.h */ = {isa = PBXFileReference; fileEncoding = 4; lastKnownFileType = sourcecode.c.h; path = "UIViewController+WSToast.h"; sourceTree = "<group>"; };
		6F1A7FCF1BB64ED800A60911 /* UIViewController+WSToast.m */ = {isa = PBXFileReference; fileEncoding = 4; lastKnownFileType = sourcecode.c.objc; path = "UIViewController+WSToast.m"; sourceTree = "<group>"; };
		6F1A7FD21BB6FCE900A60911 /* WSAppGeneralConfiguration.h */ = {isa = PBXFileReference; fileEncoding = 4; lastKnownFileType = sourcecode.c.h; path = WSAppGeneralConfiguration.h; sourceTree = "<group>"; };
		6F1A7FD31BB6FCE900A60911 /* WSAppGeneralConfiguration.m */ = {isa = PBXFileReference; fileEncoding = 4; lastKnownFileType = sourcecode.c.objc; path = WSAppGeneralConfiguration.m; sourceTree = "<group>"; };
		6F1A7FDA1BB7007C00A60911 /* WSNetworkingUtilities.h */ = {isa = PBXFileReference; fileEncoding = 4; lastKnownFileType = sourcecode.c.h; path = WSNetworkingUtilities.h; sourceTree = "<group>"; };
		6F1A7FDB1BB7007C00A60911 /* WSNetworkingUtilities.m */ = {isa = PBXFileReference; fileEncoding = 4; lastKnownFileType = sourcecode.c.objc; path = WSNetworkingUtilities.m; sourceTree = "<group>"; };
		6F1A7FDD1BB7025800A60911 /* NSData+Crypt.h */ = {isa = PBXFileReference; fileEncoding = 4; lastKnownFileType = sourcecode.c.h; path = "NSData+Crypt.h"; sourceTree = "<group>"; };
		6F1A7FDE1BB7025800A60911 /* NSData+Crypt.m */ = {isa = PBXFileReference; fileEncoding = 4; lastKnownFileType = sourcecode.c.objc; path = "NSData+Crypt.m"; sourceTree = "<group>"; };
		6F6FE4BC1BB1E04600F39F60 /* MessageUI.framework */ = {isa = PBXFileReference; lastKnownFileType = wrapper.framework; name = MessageUI.framework; path = System/Library/Frameworks/MessageUI.framework; sourceTree = SDKROOT; };
		6F6FE4BE1BB1E0C600F39F60 /* libicucore.tbd */ = {isa = PBXFileReference; lastKnownFileType = "sourcecode.text-based-dylib-definition"; name = libicucore.tbd; path = usr/lib/libicucore.tbd; sourceTree = SDKROOT; };
		6F6FE4C01BB1E0DC00F39F60 /* libz.tbd */ = {isa = PBXFileReference; lastKnownFileType = "sourcecode.text-based-dylib-definition"; name = libz.tbd; path = usr/lib/libz.tbd; sourceTree = SDKROOT; };
		6F7C3F161C08E3B400A82DCD /* en */ = {isa = PBXFileReference; lastKnownFileType = text.plist.strings; name = en; path = en.lproj/SMS_SDKLocalizable.strings; sourceTree = "<group>"; };
		6F7C3F171C08E3B400A82DCD /* MOBFoundation.framework */ = {isa = PBXFileReference; lastKnownFileType = wrapper.framework; path = MOBFoundation.framework; sourceTree = "<group>"; };
		6F7C3F181C08E3B400A82DCD /* SMS_SDK.framework */ = {isa = PBXFileReference; lastKnownFileType = wrapper.framework; path = SMS_SDK.framework; sourceTree = "<group>"; };
		6F7C3F191C08E3B400A82DCD /* zh-Hans */ = {isa = PBXFileReference; lastKnownFileType = text.plist.strings; name = "zh-Hans"; path = "zh-Hans.lproj/SMS_SDKLocalizable.strings"; sourceTree = "<group>"; };
		6F7C3F1D1C08E68300A82DCD /* JavaScriptCore.framework */ = {isa = PBXFileReference; lastKnownFileType = wrapper.framework; name = JavaScriptCore.framework; path = System/Library/Frameworks/JavaScriptCore.framework; sourceTree = SDKROOT; };
		6F7C3F1F1C08E69200A82DCD /* libstdc++.tbd */ = {isa = PBXFileReference; lastKnownFileType = "sourcecode.text-based-dylib-definition"; name = "libstdc++.tbd"; path = "usr/lib/libstdc++.tbd"; sourceTree = SDKROOT; };
		6F9D1C111BB3201C001F3B23 /* Login.storyboard */ = {isa = PBXFileReference; fileEncoding = 4; lastKnownFileType = file.storyboard; path = Login.storyboard; sourceTree = "<group>"; };
		6F9D1C131BB322B3001F3B23 /* WSVerifyPhoneNumberViewController.h */ = {isa = PBXFileReference; fileEncoding = 4; lastKnownFileType = sourcecode.c.h; path = WSVerifyPhoneNumberViewController.h; sourceTree = "<group>"; };
		6F9D1C141BB322B3001F3B23 /* WSVerifyPhoneNumberViewController.m */ = {isa = PBXFileReference; fileEncoding = 4; lastKnownFileType = sourcecode.c.objc; path = WSVerifyPhoneNumberViewController.m; sourceTree = "<group>"; };
		6FA69A101BB1C74700E39B04 /* WalkShopper.app */ = {isa = PBXFileReference; explicitFileType = wrapper.application; includeInIndex = 0; path = WalkShopper.app; sourceTree = BUILT_PRODUCTS_DIR; };
		6FA69A141BB1C74700E39B04 /* main.m */ = {isa = PBXFileReference; lastKnownFileType = sourcecode.c.objc; path = main.m; sourceTree = "<group>"; };
		6FA69A161BB1C74700E39B04 /* AppDelegate.h */ = {isa = PBXFileReference; lastKnownFileType = sourcecode.c.h; path = AppDelegate.h; sourceTree = "<group>"; };
		6FA69A171BB1C74700E39B04 /* AppDelegate.m */ = {isa = PBXFileReference; lastKnownFileType = sourcecode.c.objc; path = AppDelegate.m; sourceTree = "<group>"; };
		6FA69A1D1BB1C74700E39B04 /* Base */ = {isa = PBXFileReference; lastKnownFileType = file.storyboard; name = Base; path = Base.lproj/Main.storyboard; sourceTree = "<group>"; };
		6FA69A1F1BB1C74700E39B04 /* Assets.xcassets */ = {isa = PBXFileReference; lastKnownFileType = folder.assetcatalog; path = Assets.xcassets; sourceTree = "<group>"; };
		6FA69A221BB1C74700E39B04 /* Base */ = {isa = PBXFileReference; lastKnownFileType = file.storyboard; name = Base; path = Base.lproj/LaunchScreen.storyboard; sourceTree = "<group>"; };
		6FA69A241BB1C74700E39B04 /* Info.plist */ = {isa = PBXFileReference; lastKnownFileType = text.plist.xml; path = Info.plist; sourceTree = "<group>"; };
		6FA69A291BB1C74700E39B04 /* WalkShopperTests.xctest */ = {isa = PBXFileReference; explicitFileType = wrapper.cfbundle; includeInIndex = 0; path = WalkShopperTests.xctest; sourceTree = BUILT_PRODUCTS_DIR; };
		6FA69A2D1BB1C74700E39B04 /* WalkShopperTests.m */ = {isa = PBXFileReference; lastKnownFileType = sourcecode.c.objc; path = WalkShopperTests.m; sourceTree = "<group>"; };
		6FA69A2F1BB1C74700E39B04 /* Info.plist */ = {isa = PBXFileReference; lastKnownFileType = text.plist.xml; path = Info.plist; sourceTree = "<group>"; };
		6FA69A341BB1C74700E39B04 /* WalkShopperUITests.xctest */ = {isa = PBXFileReference; explicitFileType = wrapper.cfbundle; includeInIndex = 0; path = WalkShopperUITests.xctest; sourceTree = BUILT_PRODUCTS_DIR; };
		6FA69A381BB1C74700E39B04 /* WalkShopperUITests.m */ = {isa = PBXFileReference; lastKnownFileType = sourcecode.c.objc; path = WalkShopperUITests.m; sourceTree = "<group>"; };
		6FA69A3A1BB1C74700E39B04 /* Info.plist */ = {isa = PBXFileReference; lastKnownFileType = text.plist.xml; path = Info.plist; sourceTree = "<group>"; };
		8BEA362C24A66E179AF79E6C /* Pods.release.xcconfig */ = {isa = PBXFileReference; includeInIndex = 1; lastKnownFileType = text.xcconfig; name = Pods.release.xcconfig; path = "Pods/Target Support Files/Pods/Pods.release.xcconfig"; sourceTree = "<group>"; };
		AA903194D8B260E02F7EB2F4 /* Pods.debug.xcconfig */ = {isa = PBXFileReference; includeInIndex = 1; lastKnownFileType = text.xcconfig; name = Pods.debug.xcconfig; path = "Pods/Target Support Files/Pods/Pods.debug.xcconfig"; sourceTree = "<group>"; };
		CD872C301BB2843400F74DD7 /* WalkShopperPrefixHeader.pch */ = {isa = PBXFileReference; fileEncoding = 4; lastKnownFileType = sourcecode.c.h; path = WalkShopperPrefixHeader.pch; sourceTree = "<group>"; };
		CD872C351BB286CA00F74DD7 /* WSMainTabBarController.h */ = {isa = PBXFileReference; fileEncoding = 4; lastKnownFileType = sourcecode.c.h; path = WSMainTabBarController.h; sourceTree = "<group>"; };
		CD872C361BB286CA00F74DD7 /* WSMainTabBarController.m */ = {isa = PBXFileReference; fileEncoding = 4; lastKnownFileType = sourcecode.c.objc; path = WSMainTabBarController.m; sourceTree = "<group>"; };
		CD872C3E1BB29B4100F74DD7 /* WSUserSession.h */ = {isa = PBXFileReference; fileEncoding = 4; lastKnownFileType = sourcecode.c.h; path = WSUserSession.h; sourceTree = "<group>"; };
		CD872C3F1BB29B4100F74DD7 /* WSUserSession.m */ = {isa = PBXFileReference; fileEncoding = 4; lastKnownFileType = sourcecode.c.objc; path = WSUserSession.m; sourceTree = "<group>"; };
		CD872C411BB2A1E200F74DD7 /* WSLoginViewController.h */ = {isa = PBXFileReference; fileEncoding = 4; lastKnownFileType = sourcecode.c.h; path = WSLoginViewController.h; sourceTree = "<group>"; };
		CD872C421BB2A1E200F74DD7 /* WSLoginViewController.m */ = {isa = PBXFileReference; fileEncoding = 4; lastKnownFileType = sourcecode.c.objc; path = WSLoginViewController.m; sourceTree = "<group>"; };
		CD872C441BB2A20E00F74DD7 /* WSHomeViewController.h */ = {isa = PBXFileReference; fileEncoding = 4; lastKnownFileType = sourcecode.c.h; path = WSHomeViewController.h; sourceTree = "<group>"; };
		CD872C451BB2A20E00F74DD7 /* WSHomeViewController.m */ = {isa = PBXFileReference; fileEncoding = 4; lastKnownFileType = sourcecode.c.objc; path = WSHomeViewController.m; sourceTree = "<group>"; };
		CD872C471BB2A22700F74DD7 /* WSMineViewController.h */ = {isa = PBXFileReference; fileEncoding = 4; lastKnownFileType = sourcecode.c.h; path = WSMineViewController.h; sourceTree = "<group>"; };
		CD872C481BB2A22700F74DD7 /* WSMineViewController.m */ = {isa = PBXFileReference; fileEncoding = 4; lastKnownFileType = sourcecode.c.objc; path = WSMineViewController.m; sourceTree = "<group>"; };
/* End PBXFileReference section */

/* Begin PBXFrameworksBuildPhase section */
		6FA69A0D1BB1C74700E39B04 /* Frameworks */ = {
			isa = PBXFrameworksBuildPhase;
			buildActionMask = 2147483647;
			files = (
				6F7C3F201C08E69200A82DCD /* libstdc++.tbd in Frameworks */,
				6F7C3F1E1C08E68300A82DCD /* JavaScriptCore.framework in Frameworks */,
				6F6FE4C11BB1E0DC00F39F60 /* libz.tbd in Frameworks */,
				6F6FE4BF1BB1E0C600F39F60 /* libicucore.tbd in Frameworks */,
				6F7C3F1B1C08E3B400A82DCD /* MOBFoundation.framework in Frameworks */,
				6F7C3F1C1C08E3B400A82DCD /* SMS_SDK.framework in Frameworks */,
				6F6FE4BD1BB1E04600F39F60 /* MessageUI.framework in Frameworks */,
				75C9523B43FE08B6C0347465 /* libPods.a in Frameworks */,
			);
			runOnlyForDeploymentPostprocessing = 0;
		};
		6FA69A261BB1C74700E39B04 /* Frameworks */ = {
			isa = PBXFrameworksBuildPhase;
			buildActionMask = 2147483647;
			files = (
			);
			runOnlyForDeploymentPostprocessing = 0;
		};
		6FA69A311BB1C74700E39B04 /* Frameworks */ = {
			isa = PBXFrameworksBuildPhase;
			buildActionMask = 2147483647;
			files = (
			);
			runOnlyForDeploymentPostprocessing = 0;
		};
/* End PBXFrameworksBuildPhase section */

/* Begin PBXGroup section */
		6F1A7FC31BB643DF00A60911 /* UIViewController+WalkShopperExtensions */ = {
			isa = PBXGroup;
			children = (
				6F1A7FC41BB643DF00A60911 /* UIViewController+WSOrientations.h */,
				6F1A7FC51BB643DF00A60911 /* UIViewController+WSOrientations.m */,
				6F1A7FC71BB6475E00A60911 /* UIViewController+WSActivity.h */,
				6F1A7FC81BB6475E00A60911 /* UIViewController+WSActivity.m */,
				6F1A7FCE1BB64ED800A60911 /* UIViewController+WSToast.h */,
				6F1A7FCF1BB64ED800A60911 /* UIViewController+WSToast.m */,
			);
			path = "UIViewController+WalkShopperExtensions";
			sourceTree = "<group>";
		};
		6F1A7FCA1BB64B8000A60911 /* UIDevice+Extensions */ = {
			isa = PBXGroup;
			children = (
				6F1A7FCB1BB64B9B00A60911 /* UIDevice+Extensions.h */,
				6F1A7FCC1BB64B9B00A60911 /* UIDevice+Extensions.m */,
			);
			path = "UIDevice+Extensions";
			sourceTree = "<group>";
		};
		6F1A7FD11BB6FC8D00A60911 /* AppConfiguration */ = {
			isa = PBXGroup;
			children = (
				6F1A7FD21BB6FCE900A60911 /* WSAppGeneralConfiguration.h */,
				6F1A7FD31BB6FCE900A60911 /* WSAppGeneralConfiguration.m */,
			);
			path = AppConfiguration;
			sourceTree = "<group>";
		};
		6F1A7FD91BB7007C00A60911 /* Networking */ = {
			isa = PBXGroup;
			children = (
				6F1A7FDD1BB7025800A60911 /* NSData+Crypt.h */,
				6F1A7FDE1BB7025800A60911 /* NSData+Crypt.m */,
				6F1A7FDA1BB7007C00A60911 /* WSNetworkingUtilities.h */,
				6F1A7FDB1BB7007C00A60911 /* WSNetworkingUtilities.m */,
			);
			path = Networking;
			sourceTree = "<group>";
		};
		6F6FE4B41BB1DF8100F39F60 /* CommonSdk */ = {
			isa = PBXGroup;
			children = (
				6F7C3F141C08E3B400A82DCD /* SMS_SDK */,
				6F1A7FD91BB7007C00A60911 /* Networking */,
				6F1A7FCA1BB64B8000A60911 /* UIDevice+Extensions */,
				6F1A7FC31BB643DF00A60911 /* UIViewController+WalkShopperExtensions */,
			);
			path = CommonSdk;
			sourceTree = "<group>";
		};
		6F7C3F141C08E3B400A82DCD /* SMS_SDK */ = {
			isa = PBXGroup;
			children = (
				6F7C3F151C08E3B400A82DCD /* SMS_SDKLocalizable.strings */,
				6F7C3F171C08E3B400A82DCD /* MOBFoundation.framework */,
				6F7C3F181C08E3B400A82DCD /* SMS_SDK.framework */,
			);
			path = SMS_SDK;
			sourceTree = "<group>";
		};
		6FA69A071BB1C74700E39B04 = {
			isa = PBXGroup;
			children = (
				6FA69A121BB1C74700E39B04 /* WalkShopper */,
				6FA69A2C1BB1C74700E39B04 /* WalkShopperTests */,
				6FA69A371BB1C74700E39B04 /* WalkShopperUITests */,
				6FA69A111BB1C74700E39B04 /* Products */,
				82C2621B0C623C23999D0848 /* Pods */,
				973CC142C32C7A5CD418C863 /* Frameworks */,
			);
			sourceTree = "<group>";
		};
		6FA69A111BB1C74700E39B04 /* Products */ = {
			isa = PBXGroup;
			children = (
				6FA69A101BB1C74700E39B04 /* WalkShopper.app */,
				6FA69A291BB1C74700E39B04 /* WalkShopperTests.xctest */,
				6FA69A341BB1C74700E39B04 /* WalkShopperUITests.xctest */,
			);
			name = Products;
			sourceTree = "<group>";
		};
		6FA69A121BB1C74700E39B04 /* WalkShopper */ = {
			isa = PBXGroup;
			children = (
				6FA69A161BB1C74700E39B04 /* AppDelegate.h */,
				6FA69A171BB1C74700E39B04 /* AppDelegate.m */,
				CD872C301BB2843400F74DD7 /* WalkShopperPrefixHeader.pch */,
				6FA69A1C1BB1C74700E39B04 /* Main.storyboard */,
				6F1A7FD11BB6FC8D00A60911 /* AppConfiguration */,
				CD872C341BB286CA00F74DD7 /* Main */,
				CD872C381BB286DE00F74DD7 /* Home */,
				CD872C391BB286E700F74DD7 /* Mine */,
				CD872C3A1BB296A500F74DD7 /* Login */,
				CD872C3B1BB296AF00F74DD7 /* UserSession */,
				6F6FE4B41BB1DF8100F39F60 /* CommonSdk */,
				6FA69A1F1BB1C74700E39B04 /* Assets.xcassets */,
				6FA69A211BB1C74700E39B04 /* LaunchScreen.storyboard */,
				6FA69A241BB1C74700E39B04 /* Info.plist */,
				6FA69A131BB1C74700E39B04 /* Supporting Files */,
			);
			path = WalkShopper;
			sourceTree = "<group>";
		};
		6FA69A131BB1C74700E39B04 /* Supporting Files */ = {
			isa = PBXGroup;
			children = (
				6FA69A141BB1C74700E39B04 /* main.m */,
			);
			name = "Supporting Files";
			sourceTree = "<group>";
		};
		6FA69A2C1BB1C74700E39B04 /* WalkShopperTests */ = {
			isa = PBXGroup;
			children = (
				6FA69A2D1BB1C74700E39B04 /* WalkShopperTests.m */,
				6FA69A2F1BB1C74700E39B04 /* Info.plist */,
			);
			path = WalkShopperTests;
			sourceTree = "<group>";
		};
		6FA69A371BB1C74700E39B04 /* WalkShopperUITests */ = {
			isa = PBXGroup;
			children = (
				6FA69A381BB1C74700E39B04 /* WalkShopperUITests.m */,
				6FA69A3A1BB1C74700E39B04 /* Info.plist */,
			);
			path = WalkShopperUITests;
			sourceTree = "<group>";
		};
		82C2621B0C623C23999D0848 /* Pods */ = {
			isa = PBXGroup;
			children = (
				AA903194D8B260E02F7EB2F4 /* Pods.debug.xcconfig */,
				8BEA362C24A66E179AF79E6C /* Pods.release.xcconfig */,
			);
			name = Pods;
			sourceTree = "<group>";
		};
		973CC142C32C7A5CD418C863 /* Frameworks */ = {
			isa = PBXGroup;
			children = (
				6F7C3F1F1C08E69200A82DCD /* libstdc++.tbd */,
				6F7C3F1D1C08E68300A82DCD /* JavaScriptCore.framework */,
				6F6FE4C01BB1E0DC00F39F60 /* libz.tbd */,
				6F6FE4BE1BB1E0C600F39F60 /* libicucore.tbd */,
				6F6FE4BC1BB1E04600F39F60 /* MessageUI.framework */,
				24E34D9D33755289C8C99C67 /* libPods.a */,
			);
			name = Frameworks;
			sourceTree = "<group>";
		};
		CD872C341BB286CA00F74DD7 /* Main */ = {
			isa = PBXGroup;
			children = (
				CD872C351BB286CA00F74DD7 /* WSMainTabBarController.h */,
				CD872C361BB286CA00F74DD7 /* WSMainTabBarController.m */,
			);
			path = Main;
			sourceTree = "<group>";
		};
		CD872C381BB286DE00F74DD7 /* Home */ = {
			isa = PBXGroup;
			children = (
				CD872C441BB2A20E00F74DD7 /* WSHomeViewController.h */,
				CD872C451BB2A20E00F74DD7 /* WSHomeViewController.m */,
			);
			path = Home;
			sourceTree = "<group>";
		};
		CD872C391BB286E700F74DD7 /* Mine */ = {
			isa = PBXGroup;
			children = (
				CD872C471BB2A22700F74DD7 /* WSMineViewController.h */,
				CD872C481BB2A22700F74DD7 /* WSMineViewController.m */,
			);
			path = Mine;
			sourceTree = "<group>";
		};
		CD872C3A1BB296A500F74DD7 /* Login */ = {
			isa = PBXGroup;
			children = (
				6F9D1C111BB3201C001F3B23 /* Login.storyboard */,
				CD872C411BB2A1E200F74DD7 /* WSLoginViewController.h */,
				CD872C421BB2A1E200F74DD7 /* WSLoginViewController.m */,
				6F9D1C131BB322B3001F3B23 /* WSVerifyPhoneNumberViewController.h */,
				6F9D1C141BB322B3001F3B23 /* WSVerifyPhoneNumberViewController.m */,
			);
			path = Login;
			sourceTree = "<group>";
		};
		CD872C3B1BB296AF00F74DD7 /* UserSession */ = {
			isa = PBXGroup;
			children = (
				CD872C3E1BB29B4100F74DD7 /* WSUserSession.h */,
				CD872C3F1BB29B4100F74DD7 /* WSUserSession.m */,
			);
			path = UserSession;
			sourceTree = "<group>";
		};
/* End PBXGroup section */

/* Begin PBXNativeTarget section */
		6FA69A0F1BB1C74700E39B04 /* WalkShopper */ = {
			isa = PBXNativeTarget;
			buildConfigurationList = 6FA69A3D1BB1C74700E39B04 /* Build configuration list for PBXNativeTarget "WalkShopper" */;
			buildPhases = (
				597ADB9A092E34B49B4E7999 /* Check Pods Manifest.lock */,
				6FA69A0C1BB1C74700E39B04 /* Sources */,
				6FA69A0D1BB1C74700E39B04 /* Frameworks */,
				6FA69A0E1BB1C74700E39B04 /* Resources */,
				1E484F7145781BA6C282B0BF /* Copy Pods Resources */,
			);
			buildRules = (
			);
			dependencies = (
			);
			name = WalkShopper;
			productName = WalkShopper;
			productReference = 6FA69A101BB1C74700E39B04 /* WalkShopper.app */;
			productType = "com.apple.product-type.application";
		};
		6FA69A281BB1C74700E39B04 /* WalkShopperTests */ = {
			isa = PBXNativeTarget;
			buildConfigurationList = 6FA69A401BB1C74700E39B04 /* Build configuration list for PBXNativeTarget "WalkShopperTests" */;
			buildPhases = (
				6FA69A251BB1C74700E39B04 /* Sources */,
				6FA69A261BB1C74700E39B04 /* Frameworks */,
				6FA69A271BB1C74700E39B04 /* Resources */,
			);
			buildRules = (
			);
			dependencies = (
				6FA69A2B1BB1C74700E39B04 /* PBXTargetDependency */,
			);
			name = WalkShopperTests;
			productName = WalkShopperTests;
			productReference = 6FA69A291BB1C74700E39B04 /* WalkShopperTests.xctest */;
			productType = "com.apple.product-type.bundle.unit-test";
		};
		6FA69A331BB1C74700E39B04 /* WalkShopperUITests */ = {
			isa = PBXNativeTarget;
			buildConfigurationList = 6FA69A431BB1C74700E39B04 /* Build configuration list for PBXNativeTarget "WalkShopperUITests" */;
			buildPhases = (
				6FA69A301BB1C74700E39B04 /* Sources */,
				6FA69A311BB1C74700E39B04 /* Frameworks */,
				6FA69A321BB1C74700E39B04 /* Resources */,
			);
			buildRules = (
			);
			dependencies = (
				6FA69A361BB1C74700E39B04 /* PBXTargetDependency */,
			);
			name = WalkShopperUITests;
			productName = WalkShopperUITests;
			productReference = 6FA69A341BB1C74700E39B04 /* WalkShopperUITests.xctest */;
			productType = "com.apple.product-type.bundle.ui-testing";
		};
/* End PBXNativeTarget section */

/* Begin PBXProject section */
		6FA69A081BB1C74700E39B04 /* Project object */ = {
			isa = PBXProject;
			attributes = {
				LastUpgradeCheck = 0700;
				ORGANIZATIONNAME = "Ding Yi";
				TargetAttributes = {
					6FA69A0F1BB1C74700E39B04 = {
						CreatedOnToolsVersion = 7.0;
					};
					6FA69A281BB1C74700E39B04 = {
						CreatedOnToolsVersion = 7.0;
						TestTargetID = 6FA69A0F1BB1C74700E39B04;
					};
					6FA69A331BB1C74700E39B04 = {
						CreatedOnToolsVersion = 7.0;
						TestTargetID = 6FA69A0F1BB1C74700E39B04;
					};
				};
			};
			buildConfigurationList = 6FA69A0B1BB1C74700E39B04 /* Build configuration list for PBXProject "WalkShopper" */;
			compatibilityVersion = "Xcode 3.2";
			developmentRegion = English;
			hasScannedForEncodings = 0;
			knownRegions = (
				en,
				Base,
				"zh-Hans",
			);
			mainGroup = 6FA69A071BB1C74700E39B04;
			productRefGroup = 6FA69A111BB1C74700E39B04 /* Products */;
			projectDirPath = "";
			projectRoot = "";
			targets = (
				6FA69A0F1BB1C74700E39B04 /* WalkShopper */,
				6FA69A281BB1C74700E39B04 /* WalkShopperTests */,
				6FA69A331BB1C74700E39B04 /* WalkShopperUITests */,
			);
		};
/* End PBXProject section */

/* Begin PBXResourcesBuildPhase section */
		6FA69A0E1BB1C74700E39B04 /* Resources */ = {
			isa = PBXResourcesBuildPhase;
			buildActionMask = 2147483647;
			files = (
				6FA69A231BB1C74700E39B04 /* LaunchScreen.storyboard in Resources */,
				6FA69A201BB1C74700E39B04 /* Assets.xcassets in Resources */,
				6F7C3F1A1C08E3B400A82DCD /* SMS_SDKLocalizable.strings in Resources */,
				6F9D1C121BB3201C001F3B23 /* Login.storyboard in Resources */,
				6FA69A1E1BB1C74700E39B04 /* Main.storyboard in Resources */,
			);
			runOnlyForDeploymentPostprocessing = 0;
		};
		6FA69A271BB1C74700E39B04 /* Resources */ = {
			isa = PBXResourcesBuildPhase;
			buildActionMask = 2147483647;
			files = (
			);
			runOnlyForDeploymentPostprocessing = 0;
		};
		6FA69A321BB1C74700E39B04 /* Resources */ = {
			isa = PBXResourcesBuildPhase;
			buildActionMask = 2147483647;
			files = (
			);
			runOnlyForDeploymentPostprocessing = 0;
		};
/* End PBXResourcesBuildPhase section */

/* Begin PBXShellScriptBuildPhase section */
		1E484F7145781BA6C282B0BF /* Copy Pods Resources */ = {
			isa = PBXShellScriptBuildPhase;
			buildActionMask = 2147483647;
			files = (
			);
			inputPaths = (
			);
			name = "Copy Pods Resources";
			outputPaths = (
			);
			runOnlyForDeploymentPostprocessing = 0;
			shellPath = /bin/sh;
			shellScript = "\"${SRCROOT}/Pods/Target Support Files/Pods/Pods-resources.sh\"\n";
			showEnvVarsInLog = 0;
		};
		597ADB9A092E34B49B4E7999 /* Check Pods Manifest.lock */ = {
			isa = PBXShellScriptBuildPhase;
			buildActionMask = 2147483647;
			files = (
			);
			inputPaths = (
			);
			name = "Check Pods Manifest.lock";
			outputPaths = (
			);
			runOnlyForDeploymentPostprocessing = 0;
			shellPath = /bin/sh;
			shellScript = "diff \"${PODS_ROOT}/../Podfile.lock\" \"${PODS_ROOT}/Manifest.lock\" > /dev/null\nif [[ $? != 0 ]] ; then\n    cat << EOM\nerror: The sandbox is not in sync with the Podfile.lock. Run 'pod install' or update your CocoaPods installation.\nEOM\n    exit 1\nfi\n";
			showEnvVarsInLog = 0;
		};
/* End PBXShellScriptBuildPhase section */

/* Begin PBXSourcesBuildPhase section */
		6FA69A0C1BB1C74700E39B04 /* Sources */ = {
			isa = PBXSourcesBuildPhase;
			buildActionMask = 2147483647;
			files = (
				6F1A7FDF1BB7025800A60911 /* NSData+Crypt.m in Sources */,
				6FA69A181BB1C74700E39B04 /* AppDelegate.m in Sources */,
				6F1A7FC91BB6475E00A60911 /* UIViewController+WSActivity.m in Sources */,
				6F1A7FD41BB6FCE900A60911 /* WSAppGeneralConfiguration.m in Sources */,
				CD872C371BB286CA00F74DD7 /* WSMainTabBarController.m in Sources */,
				6F1A7FDC1BB7007C00A60911 /* WSNetworkingUtilities.m in Sources */,
				6FA69A151BB1C74700E39B04 /* main.m in Sources */,
				CD872C401BB29B4100F74DD7 /* WSUserSession.m in Sources */,
				CD872C431BB2A1E200F74DD7 /* WSLoginViewController.m in Sources */,
				6F1A7FD01BB64ED800A60911 /* UIViewController+WSToast.m in Sources */,
				6F1A7FC61BB643DF00A60911 /* UIViewController+WSOrientations.m in Sources */,
				6F1A7FCD1BB64B9B00A60911 /* UIDevice+Extensions.m in Sources */,
				CD872C461BB2A20E00F74DD7 /* WSHomeViewController.m in Sources */,
				CD872C491BB2A22700F74DD7 /* WSMineViewController.m in Sources */,
				6F9D1C151BB322B3001F3B23 /* WSVerifyPhoneNumberViewController.m in Sources */,
			);
			runOnlyForDeploymentPostprocessing = 0;
		};
		6FA69A251BB1C74700E39B04 /* Sources */ = {
			isa = PBXSourcesBuildPhase;
			buildActionMask = 2147483647;
			files = (
				6FA69A2E1BB1C74700E39B04 /* WalkShopperTests.m in Sources */,
			);
			runOnlyForDeploymentPostprocessing = 0;
		};
		6FA69A301BB1C74700E39B04 /* Sources */ = {
			isa = PBXSourcesBuildPhase;
			buildActionMask = 2147483647;
			files = (
				6FA69A391BB1C74700E39B04 /* WalkShopperUITests.m in Sources */,
			);
			runOnlyForDeploymentPostprocessing = 0;
		};
/* End PBXSourcesBuildPhase section */

/* Begin PBXTargetDependency section */
		6FA69A2B1BB1C74700E39B04 /* PBXTargetDependency */ = {
			isa = PBXTargetDependency;
			target = 6FA69A0F1BB1C74700E39B04 /* WalkShopper */;
			targetProxy = 6FA69A2A1BB1C74700E39B04 /* PBXContainerItemProxy */;
		};
		6FA69A361BB1C74700E39B04 /* PBXTargetDependency */ = {
			isa = PBXTargetDependency;
			target = 6FA69A0F1BB1C74700E39B04 /* WalkShopper */;
			targetProxy = 6FA69A351BB1C74700E39B04 /* PBXContainerItemProxy */;
		};
/* End PBXTargetDependency section */

/* Begin PBXVariantGroup section */
		6F7C3F151C08E3B400A82DCD /* SMS_SDKLocalizable.strings */ = {
			isa = PBXVariantGroup;
			children = (
				6F7C3F161C08E3B400A82DCD /* en */,
				6F7C3F191C08E3B400A82DCD /* zh-Hans */,
			);
			name = SMS_SDKLocalizable.strings;
			sourceTree = "<group>";
		};
		6FA69A1C1BB1C74700E39B04 /* Main.storyboard */ = {
			isa = PBXVariantGroup;
			children = (
				6FA69A1D1BB1C74700E39B04 /* Base */,
			);
			name = Main.storyboard;
			sourceTree = "<group>";
		};
		6FA69A211BB1C74700E39B04 /* LaunchScreen.storyboard */ = {
			isa = PBXVariantGroup;
			children = (
				6FA69A221BB1C74700E39B04 /* Base */,
			);
			name = LaunchScreen.storyboard;
			sourceTree = "<group>";
		};
/* End PBXVariantGroup section */

/* Begin XCBuildConfiguration section */
		6FA69A3B1BB1C74700E39B04 /* Debug */ = {
			isa = XCBuildConfiguration;
			buildSettings = {
				ALWAYS_SEARCH_USER_PATHS = NO;
				CLANG_CXX_LANGUAGE_STANDARD = "gnu++0x";
				CLANG_CXX_LIBRARY = "libc++";
				CLANG_ENABLE_MODULES = YES;
				CLANG_ENABLE_OBJC_ARC = YES;
				CLANG_WARN_BOOL_CONVERSION = YES;
				CLANG_WARN_CONSTANT_CONVERSION = YES;
				CLANG_WARN_DIRECT_OBJC_ISA_USAGE = YES_ERROR;
				CLANG_WARN_EMPTY_BODY = YES;
				CLANG_WARN_ENUM_CONVERSION = YES;
				CLANG_WARN_INT_CONVERSION = YES;
				CLANG_WARN_OBJC_ROOT_CLASS = YES_ERROR;
				CLANG_WARN_UNREACHABLE_CODE = YES;
				CLANG_WARN__DUPLICATE_METHOD_MATCH = YES;
				"CODE_SIGN_IDENTITY[sdk=iphoneos*]" = "iPhone Developer";
				COPY_PHASE_STRIP = NO;
				DEBUG_INFORMATION_FORMAT = dwarf;
				ENABLE_STRICT_OBJC_MSGSEND = YES;
				ENABLE_TESTABILITY = YES;
				GCC_C_LANGUAGE_STANDARD = gnu99;
				GCC_DYNAMIC_NO_PIC = NO;
				GCC_NO_COMMON_BLOCKS = YES;
				GCC_OPTIMIZATION_LEVEL = 0;
				GCC_PREPROCESSOR_DEFINITIONS = (
					"DEBUG=1",
					"$(inherited)",
				);
				GCC_WARN_64_TO_32_BIT_CONVERSION = YES;
				GCC_WARN_ABOUT_RETURN_TYPE = YES_ERROR;
				GCC_WARN_UNDECLARED_SELECTOR = YES;
				GCC_WARN_UNINITIALIZED_AUTOS = YES_AGGRESSIVE;
				GCC_WARN_UNUSED_FUNCTION = YES;
				GCC_WARN_UNUSED_VARIABLE = YES;
				IPHONEOS_DEPLOYMENT_TARGET = 9.0;
				MTL_ENABLE_DEBUG_INFO = YES;
				ONLY_ACTIVE_ARCH = YES;
				SDKROOT = iphoneos;
			};
			name = Debug;
		};
		6FA69A3C1BB1C74700E39B04 /* Release */ = {
			isa = XCBuildConfiguration;
			buildSettings = {
				ALWAYS_SEARCH_USER_PATHS = NO;
				CLANG_CXX_LANGUAGE_STANDARD = "gnu++0x";
				CLANG_CXX_LIBRARY = "libc++";
				CLANG_ENABLE_MODULES = YES;
				CLANG_ENABLE_OBJC_ARC = YES;
				CLANG_WARN_BOOL_CONVERSION = YES;
				CLANG_WARN_CONSTANT_CONVERSION = YES;
				CLANG_WARN_DIRECT_OBJC_ISA_USAGE = YES_ERROR;
				CLANG_WARN_EMPTY_BODY = YES;
				CLANG_WARN_ENUM_CONVERSION = YES;
				CLANG_WARN_INT_CONVERSION = YES;
				CLANG_WARN_OBJC_ROOT_CLASS = YES_ERROR;
				CLANG_WARN_UNREACHABLE_CODE = YES;
				CLANG_WARN__DUPLICATE_METHOD_MATCH = YES;
				"CODE_SIGN_IDENTITY[sdk=iphoneos*]" = "iPhone Developer";
				COPY_PHASE_STRIP = NO;
				DEBUG_INFORMATION_FORMAT = "dwarf-with-dsym";
				ENABLE_NS_ASSERTIONS = NO;
				ENABLE_STRICT_OBJC_MSGSEND = YES;
				GCC_C_LANGUAGE_STANDARD = gnu99;
				GCC_NO_COMMON_BLOCKS = YES;
				GCC_WARN_64_TO_32_BIT_CONVERSION = YES;
				GCC_WARN_ABOUT_RETURN_TYPE = YES_ERROR;
				GCC_WARN_UNDECLARED_SELECTOR = YES;
				GCC_WARN_UNINITIALIZED_AUTOS = YES_AGGRESSIVE;
				GCC_WARN_UNUSED_FUNCTION = YES;
				GCC_WARN_UNUSED_VARIABLE = YES;
				IPHONEOS_DEPLOYMENT_TARGET = 9.0;
				MTL_ENABLE_DEBUG_INFO = NO;
				SDKROOT = iphoneos;
				VALIDATE_PRODUCT = YES;
			};
			name = Release;
		};
		6FA69A3E1BB1C74700E39B04 /* Debug */ = {
			isa = XCBuildConfiguration;
			baseConfigurationReference = AA903194D8B260E02F7EB2F4 /* Pods.debug.xcconfig */;
			buildSettings = {
				ASSETCATALOG_COMPILER_APPICON_NAME = AppIcon;
				ENABLE_BITCODE = YES;
				FRAMEWORK_SEARCH_PATHS = (
					"$(inherited)",
					"$(PROJECT_DIR)/WalkShopper/CommonSdk/SMS_SDK",
				);
				GCC_PREFIX_HEADER = "$(SRCROOT)/WalkShopper/WalkShopperPrefixHeader.pch";
				INFOPLIST_FILE = WalkShopper/Info.plist;
				IPHONEOS_DEPLOYMENT_TARGET = 9.0;
				LD_RUNPATH_SEARCH_PATHS = "$(inherited) @executable_path/Frameworks";
				PRODUCT_BUNDLE_IDENTIFIER = com.distancecutter.WalkShopper;
				PRODUCT_NAME = "$(TARGET_NAME)";
			};
			name = Debug;
		};
		6FA69A3F1BB1C74700E39B04 /* Release */ = {
			isa = XCBuildConfiguration;
			baseConfigurationReference = 8BEA362C24A66E179AF79E6C /* Pods.release.xcconfig */;
			buildSettings = {
				ASSETCATALOG_COMPILER_APPICON_NAME = AppIcon;
				ENABLE_BITCODE = YES;
				FRAMEWORK_SEARCH_PATHS = (
					"$(inherited)",
					"$(PROJECT_DIR)/WalkShopper/CommonSdk/SMS_SDK",
				);
				GCC_PREFIX_HEADER = "$(SRCROOT)/WalkShopper/WalkShopperPrefixHeader.pch";
				INFOPLIST_FILE = WalkShopper/Info.plist;
				IPHONEOS_DEPLOYMENT_TARGET = 9.0;
				LD_RUNPATH_SEARCH_PATHS = "$(inherited) @executable_path/Frameworks";
				PRODUCT_BUNDLE_IDENTIFIER = com.distancecutter.WalkShopper;
				PRODUCT_NAME = "$(TARGET_NAME)";
			};
			name = Release;
		};
		6FA69A411BB1C74700E39B04 /* Debug */ = {
			isa = XCBuildConfiguration;
			buildSettings = {
				BUNDLE_LOADER = "$(TEST_HOST)";
				INFOPLIST_FILE = WalkShopperTests/Info.plist;
				LD_RUNPATH_SEARCH_PATHS = "$(inherited) @executable_path/Frameworks @loader_path/Frameworks";
				PRODUCT_BUNDLE_IDENTIFIER = com.distancecutter.WalkShopperTests;
				PRODUCT_NAME = "$(TARGET_NAME)";
				TEST_HOST = "$(BUILT_PRODUCTS_DIR)/WalkShopper.app/WalkShopper";
			};
			name = Debug;
		};
		6FA69A421BB1C74700E39B04 /* Release */ = {
			isa = XCBuildConfiguration;
			buildSettings = {
				BUNDLE_LOADER = "$(TEST_HOST)";
				INFOPLIST_FILE = WalkShopperTests/Info.plist;
				LD_RUNPATH_SEARCH_PATHS = "$(inherited) @executable_path/Frameworks @loader_path/Frameworks";
				PRODUCT_BUNDLE_IDENTIFIER = com.distancecutter.WalkShopperTests;
				PRODUCT_NAME = "$(TARGET_NAME)";
				TEST_HOST = "$(BUILT_PRODUCTS_DIR)/WalkShopper.app/WalkShopper";
			};
			name = Release;
		};
		6FA69A441BB1C74700E39B04 /* Debug */ = {
			isa = XCBuildConfiguration;
			buildSettings = {
				INFOPLIST_FILE = WalkShopperUITests/Info.plist;
				LD_RUNPATH_SEARCH_PATHS = "$(inherited) @executable_path/Frameworks @loader_path/Frameworks";
				PRODUCT_BUNDLE_IDENTIFIER = com.distancecutter.WalkShopperUITests;
				PRODUCT_NAME = "$(TARGET_NAME)";
				TEST_TARGET_NAME = WalkShopper;
				USES_XCTRUNNER = YES;
			};
			name = Debug;
		};
		6FA69A451BB1C74700E39B04 /* Release */ = {
			isa = XCBuildConfiguration;
			buildSettings = {
				INFOPLIST_FILE = WalkShopperUITests/Info.plist;
				LD_RUNPATH_SEARCH_PATHS = "$(inherited) @executable_path/Frameworks @loader_path/Frameworks";
				PRODUCT_BUNDLE_IDENTIFIER = com.distancecutter.WalkShopperUITests;
				PRODUCT_NAME = "$(TARGET_NAME)";
				TEST_TARGET_NAME = WalkShopper;
				USES_XCTRUNNER = YES;
			};
			name = Release;
		};
/* End XCBuildConfiguration section */

/* Begin XCConfigurationList section */
		6FA69A0B1BB1C74700E39B04 /* Build configuration list for PBXProject "WalkShopper" */ = {
			isa = XCConfigurationList;
			buildConfigurations = (
				6FA69A3B1BB1C74700E39B04 /* Debug */,
				6FA69A3C1BB1C74700E39B04 /* Release */,
			);
			defaultConfigurationIsVisible = 0;
			defaultConfigurationName = Release;
		};
		6FA69A3D1BB1C74700E39B04 /* Build configuration list for PBXNativeTarget "WalkShopper" */ = {
			isa = XCConfigurationList;
			buildConfigurations = (
				6FA69A3E1BB1C74700E39B04 /* Debug */,
				6FA69A3F1BB1C74700E39B04 /* Release */,
			);
			defaultConfigurationIsVisible = 0;
			defaultConfigurationName = Release;
		};
		6FA69A401BB1C74700E39B04 /* Build configuration list for PBXNativeTarget "WalkShopperTests" */ = {
			isa = XCConfigurationList;
			buildConfigurations = (
				6FA69A411BB1C74700E39B04 /* Debug */,
				6FA69A421BB1C74700E39B04 /* Release */,
			);
			defaultConfigurationIsVisible = 0;
			defaultConfigurationName = Release;
		};
		6FA69A431BB1C74700E39B04 /* Build configuration list for PBXNativeTarget "WalkShopperUITests" */ = {
			isa = XCConfigurationList;
			buildConfigurations = (
				6FA69A441BB1C74700E39B04 /* Debug */,
				6FA69A451BB1C74700E39B04 /* Release */,
			);
			defaultConfigurationIsVisible = 0;
			defaultConfigurationName = Release;
		};
/* End XCConfigurationList section */
	};
	rootObject = 6FA69A081BB1C74700E39B04 /* Project object */;
}
